
Microsoft Visual Studio Solution File, Format Version 12.00
# Visual Studio Version 16
VisualStudioVersion = 16.0.30320.27
MinimumVisualStudioVersion = 10.0.40219.1
Project("{FAE04EC0-301F-11D3-BF4B-00C04F79EFBC}") = "PaginaWebMasicsa", "PaginaWebMasicsa.csproj", "{6E50461A-AC1A-473A-A0C3-D33D9F03255D}"
EndProject
Global
	GlobalSection(SolutionConfigurationPlatforms) = preSolution
		Debug|Any CPU = Debug|Any CPU
		Release|Any CPU = Release|Any CPU
	EndGlobalSection
	GlobalSection(ProjectConfigurationPlatforms) = postSolution
		{6E50461A-AC1A-473A-A0C3-D33D9F03255D}.Debug|Any CPU.ActiveCfg = Debug|Any CPU
		{6E50461A-AC1A-473A-A0C3-D33D9F03255D}.Debug|Any CPU.Build.0 = Debug|Any CPU
		{6E50461A-AC1A-473A-A0C3-D33D9F03255D}.Release|Any CPU.ActiveCfg = Release|Any CPU
		{6E50461A-AC1A-473A-A0C3-D33D9F03255D}.Release|Any CPU.Build.0 = Release|Any CPU
	EndGlobalSection
	GlobalSection(SolutionProperties) = preSolution
		HideSolutionNode = FALSE
	EndGlobalSection
	GlobalSection(ExtensibilityGlobals) = postSolution
		SolutionGuid = {29BB0BC1-DD22-40FC-90C1-60FF79D4CCB1}
	EndGlobalSection
EndGlobal
